// !$*UTF8*$!
{
	archiveVersion = 1;
	classes = {
	};
	objectVersion = 50;
	objects = {

/* Begin PBXBuildFile section */
		9C18920724D07C0C004F4059 /* AppDelegate.swift in Sources */ = {isa = PBXBuildFile; fileRef = 9C18920624D07C0C004F4059 /* AppDelegate.swift */; };
		9C18920924D07C0C004F4059 /* ViewController.swift in Sources */ = {isa = PBXBuildFile; fileRef = 9C18920824D07C0C004F4059 /* ViewController.swift */; };
		9C18920C24D07C0C004F4059 /* Main.storyboard in Resources */ = {isa = PBXBuildFile; fileRef = 9C18920A24D07C0C004F4059 /* Main.storyboard */; };
		9C18920F24D07C0C004F4059 /* CameraTesting.xcdatamodeld in Sources */ = {isa = PBXBuildFile; fileRef = 9C18920D24D07C0C004F4059 /* CameraTesting.xcdatamodeld */; };
		9C18921124D07C0D004F4059 /* Assets.xcassets in Resources */ = {isa = PBXBuildFile; fileRef = 9C18921024D07C0D004F4059 /* Assets.xcassets */; };
		9C18921424D07C0D004F4059 /* LaunchScreen.storyboard in Resources */ = {isa = PBXBuildFile; fileRef = 9C18921224D07C0D004F4059 /* LaunchScreen.storyboard */; };
		9C18921F24D07C0E004F4059 /* CameraTestingTests.swift in Sources */ = {isa = PBXBuildFile; fileRef = 9C18921E24D07C0E004F4059 /* CameraTestingTests.swift */; };
		9C18922A24D07C0E004F4059 /* CameraTestingUITests.swift in Sources */ = {isa = PBXBuildFile; fileRef = 9C18922924D07C0E004F4059 /* CameraTestingUITests.swift */; };
/* End PBXBuildFile section */

/* Begin PBXContainerItemProxy section */
		9C18921B24D07C0E004F4059 /* PBXContainerItemProxy */ = {
			isa = PBXContainerItemProxy;
			containerPortal = 9C1891FB24D07C0C004F4059 /* Project object */;
			proxyType = 1;
			remoteGlobalIDString = 9C18920224D07C0C004F4059;
			remoteInfo = CameraTesting;
		};
		9C18922624D07C0E004F4059 /* PBXContainerItemProxy */ = {
			isa = PBXContainerItemProxy;
			containerPortal = 9C1891FB24D07C0C004F4059 /* Project object */;
			proxyType = 1;
			remoteGlobalIDString = 9C18920224D07C0C004F4059;
			remoteInfo = CameraTesting;
		};
/* End PBXContainerItemProxy section */

/* Begin PBXFileReference section */
		9C18920324D07C0C004F4059 /* CameraTesting.app */ = {isa = PBXFileReference; explicitFileType = wrapper.application; includeInIndex = 0; path = CameraTesting.app; sourceTree = BUILT_PRODUCTS_DIR; };
		9C18920624D07C0C004F4059 /* AppDelegate.swift */ = {isa = PBXFileReference; lastKnownFileType = sourcecode.swift; path = AppDelegate.swift; sourceTree = "<group>"; };
		9C18920824D07C0C004F4059 /* ViewController.swift */ = {isa = PBXFileReference; lastKnownFileType = sourcecode.swift; path = ViewController.swift; sourceTree = "<group>"; };
		9C18920B24D07C0C004F4059 /* Base */ = {isa = PBXFileReference; lastKnownFileType = file.storyboard; name = Base; path = Base.lproj/Main.storyboard; sourceTree = "<group>"; };
		9C18920E24D07C0C004F4059 /* CameraTesting.xcdatamodel */ = {isa = PBXFileReference; lastKnownFileType = wrapper.xcdatamodel; path = CameraTesting.xcdatamodel; sourceTree = "<group>"; };
		9C18921024D07C0D004F4059 /* Assets.xcassets */ = {isa = PBXFileReference; lastKnownFileType = folder.assetcatalog; path = Assets.xcassets; sourceTree = "<group>"; };
		9C18921324D07C0D004F4059 /* Base */ = {isa = PBXFileReference; lastKnownFileType = file.storyboard; name = Base; path = Base.lproj/LaunchScreen.storyboard; sourceTree = "<group>"; };
		9C18921524D07C0D004F4059 /* Info.plist */ = {isa = PBXFileReference; lastKnownFileType = text.plist.xml; path = Info.plist; sourceTree = "<group>"; };
		9C18921A24D07C0E004F4059 /* CameraTestingTests.xctest */ = {isa = PBXFileReference; explicitFileType = wrapper.cfbundle; includeInIndex = 0; path = CameraTestingTests.xctest; sourceTree = BUILT_PRODUCTS_DIR; };
		9C18921E24D07C0E004F4059 /* CameraTestingTests.swift */ = {isa = PBXFileReference; lastKnownFileType = sourcecode.swift; path = CameraTestingTests.swift; sourceTree = "<group>"; };
		9C18922024D07C0E004F4059 /* Info.plist */ = {isa = PBXFileReference; lastKnownFileType = text.plist.xml; path = Info.plist; sourceTree = "<group>"; };
		9C18922524D07C0E004F4059 /* CameraTestingUITests.xctest */ = {isa = PBXFileReference; explicitFileType = wrapper.cfbundle; includeInIndex = 0; path = CameraTestingUITests.xctest; sourceTree = BUILT_PRODUCTS_DIR; };
		9C18922924D07C0E004F4059 /* CameraTestingUITests.swift */ = {isa = PBXFileReference; lastKnownFileType = sourcecode.swift; path = CameraTestingUITests.swift; sourceTree = "<group>"; };
		9C18922B24D07C0E004F4059 /* Info.plist */ = {isa = PBXFileReference; lastKnownFileType = text.plist.xml; path = Info.plist; sourceTree = "<group>"; };
/* End PBXFileReference section */

/* Begin PBXFrameworksBuildPhase section */
		9C18920024D07C0C004F4059 /* Frameworks */ = {
			isa = PBXFrameworksBuildPhase;
			buildActionMask = 2147483647;
			files = (
			);
			runOnlyForDeploymentPostprocessing = 0;
		};
		9C18921724D07C0E004F4059 /* Frameworks */ = {
			isa = PBXFrameworksBuildPhase;
			buildActionMask = 2147483647;
			files = (
			);
			runOnlyForDeploymentPostprocessing = 0;
		};
		9C18922224D07C0E004F4059 /* Frameworks */ = {
			isa = PBXFrameworksBuildPhase;
			buildActionMask = 2147483647;
			files = (
			);
			runOnlyForDeploymentPostprocessing = 0;
		};
/* End PBXFrameworksBuildPhase section */

/* Begin PBXGroup section */
		9C1891FA24D07C0C004F4059 = {
			isa = PBXGroup;
			children = (
				9C18920524D07C0C004F4059 /* CameraTesting */,
				9C18921D24D07C0E004F4059 /* CameraTestingTests */,
				9C18922824D07C0E004F4059 /* CameraTestingUITests */,
				9C18920424D07C0C004F4059 /* Products */,
			);
			sourceTree = "<group>";
		};
		9C18920424D07C0C004F4059 /* Products */ = {
			isa = PBXGroup;
			children = (
				9C18920324D07C0C004F4059 /* CameraTesting.app */,
				9C18921A24D07C0E004F4059 /* CameraTestingTests.xctest */,
				9C18922524D07C0E004F4059 /* CameraTestingUITests.xctest */,
			);
			name = Products;
			sourceTree = "<group>";
		};
		9C18920524D07C0C004F4059 /* CameraTesting */ = {
			isa = PBXGroup;
			children = (
				9C18920624D07C0C004F4059 /* AppDelegate.swift */,
				9C18920824D07C0C004F4059 /* ViewController.swift */,
				9C18920A24D07C0C004F4059 /* Main.storyboard */,
				9C18921024D07C0D004F4059 /* Assets.xcassets */,
				9C18921224D07C0D004F4059 /* LaunchScreen.storyboard */,
				9C18921524D07C0D004F4059 /* Info.plist */,
				9C18920D24D07C0C004F4059 /* CameraTesting.xcdatamodeld */,
			);
			path = CameraTesting;
			sourceTree = "<group>";
		};
		9C18921D24D07C0E004F4059 /* CameraTestingTests */ = {
			isa = PBXGroup;
			children = (
				9C18921E24D07C0E004F4059 /* CameraTestingTests.swift */,
				9C18922024D07C0E004F4059 /* Info.plist */,
			);
			path = CameraTestingTests;
			sourceTree = "<group>";
		};
		9C18922824D07C0E004F4059 /* CameraTestingUITests */ = {
			isa = PBXGroup;
			children = (
				9C18922924D07C0E004F4059 /* CameraTestingUITests.swift */,
				9C18922B24D07C0E004F4059 /* Info.plist */,
			);
			path = CameraTestingUITests;
			sourceTree = "<group>";
		};
/* End PBXGroup section */

/* Begin PBXNativeTarget section */
		9C18920224D07C0C004F4059 /* CameraTesting */ = {
			isa = PBXNativeTarget;
			buildConfigurationList = 9C18922E24D07C0E004F4059 /* Build configuration list for PBXNativeTarget "CameraTesting" */;
			buildPhases = (
				9C1891FF24D07C0C004F4059 /* Sources */,
				9C18920024D07C0C004F4059 /* Frameworks */,
				9C18920124D07C0C004F4059 /* Resources */,
			);
			buildRules = (
			);
			dependencies = (
			);
			name = CameraTesting;
			productName = CameraTesting;
			productReference = 9C18920324D07C0C004F4059 /* CameraTesting.app */;
			productType = "com.apple.product-type.application";
		};
		9C18921924D07C0E004F4059 /* CameraTestingTests */ = {
			isa = PBXNativeTarget;
			buildConfigurationList = 9C18923124D07C0E004F4059 /* Build configuration list for PBXNativeTarget "CameraTestingTests" */;
			buildPhases = (
				9C18921624D07C0E004F4059 /* Sources */,
				9C18921724D07C0E004F4059 /* Frameworks */,
				9C18921824D07C0E004F4059 /* Resources */,
			);
			buildRules = (
			);
			dependencies = (
				9C18921C24D07C0E004F4059 /* PBXTargetDependency */,
			);
			name = CameraTestingTests;
			productName = CameraTestingTests;
			productReference = 9C18921A24D07C0E004F4059 /* CameraTestingTests.xctest */;
			productType = "com.apple.product-type.bundle.unit-test";
		};
		9C18922424D07C0E004F4059 /* CameraTestingUITests */ = {
			isa = PBXNativeTarget;
			buildConfigurationList = 9C18923424D07C0E004F4059 /* Build configuration list for PBXNativeTarget "CameraTestingUITests" */;
			buildPhases = (
				9C18922124D07C0E004F4059 /* Sources */,
				9C18922224D07C0E004F4059 /* Frameworks */,
				9C18922324D07C0E004F4059 /* Resources */,
			);
			buildRules = (
			);
			dependencies = (
				9C18922724D07C0E004F4059 /* PBXTargetDependency */,
			);
			name = CameraTestingUITests;
			productName = CameraTestingUITests;
			productReference = 9C18922524D07C0E004F4059 /* CameraTestingUITests.xctest */;
			productType = "com.apple.product-type.bundle.ui-testing";
		};
/* End PBXNativeTarget section */

/* Begin PBXProject section */
		9C1891FB24D07C0C004F4059 /* Project object */ = {
			isa = PBXProject;
			attributes = {
				LastSwiftUpdateCheck = 1010;
				LastUpgradeCheck = 1010;
				ORGANIZATIONNAME = "Suzanne Collins";
				TargetAttributes = {
					9C18920224D07C0C004F4059 = {
						CreatedOnToolsVersion = 10.1;
					};
					9C18921924D07C0E004F4059 = {
						CreatedOnToolsVersion = 10.1;
						TestTargetID = 9C18920224D07C0C004F4059;
					};
					9C18922424D07C0E004F4059 = {
						CreatedOnToolsVersion = 10.1;
						TestTargetID = 9C18920224D07C0C004F4059;
					};
				};
			};
			buildConfigurationList = 9C1891FE24D07C0C004F4059 /* Build configuration list for PBXProject "CameraTesting" */;
			compatibilityVersion = "Xcode 9.3";
			developmentRegion = en;
			hasScannedForEncodings = 0;
			knownRegions = (
				en,
				Base,
			);
			mainGroup = 9C1891FA24D07C0C004F4059;
			productRefGroup = 9C18920424D07C0C004F4059 /* Products */;
			projectDirPath = "";
			projectRoot = "";
			targets = (
				9C18920224D07C0C004F4059 /* CameraTesting */,
				9C18921924D07C0E004F4059 /* CameraTestingTests */,
				9C18922424D07C0E004F4059 /* CameraTestingUITests */,
			);
		};
/* End PBXProject section */

/* Begin PBXResourcesBuildPhase section */
		9C18920124D07C0C004F4059 /* Resources */ = {
			isa = PBXResourcesBuildPhase;
			buildActionMask = 2147483647;
			files = (
				9C18921424D07C0D004F4059 /* LaunchScreen.storyboard in Resources */,
				9C18921124D07C0D004F4059 /* Assets.xcassets in Resources */,
				9C18920C24D07C0C004F4059 /* Main.storyboard in Resources */,
			);
			runOnlyForDeploymentPostprocessing = 0;
		};
		9C18921824D07C0E004F4059 /* Resources */ = {
			isa = PBXResourcesBuildPhase;
			buildActionMask = 2147483647;
			files = (
			);
			runOnlyForDeploymentPostprocessing = 0;
		};
		9C18922324D07C0E004F4059 /* Resources */ = {
			isa = PBXResourcesBuildPhase;
			buildActionMask = 2147483647;
			files = (
			);
			runOnlyForDeploymentPostprocessing = 0;
		};
/* End PBXResourcesBuildPhase section */

/* Begin PBXSourcesBuildPhase section */
		9C1891FF24D07C0C004F4059 /* Sources */ = {
			isa = PBXSourcesBuildPhase;
			buildActionMask = 2147483647;
			files = (
				9C18920924D07C0C004F4059 /* ViewController.swift in Sources */,
				9C18920724D07C0C004F4059 /* AppDelegate.swift in Sources */,
				9C18920F24D07C0C004F4059 /* CameraTesting.xcdatamodeld in Sources */,
			);
			runOnlyForDeploymentPostprocessing = 0;
		};
		9C18921624D07C0E004F4059 /* Sources */ = {
			isa = PBXSourcesBuildPhase;
			buildActionMask = 2147483647;
			files = (
				9C18921F24D07C0E004F4059 /* CameraTestingTests.swift in Sources */,
			);
			runOnlyForDeploymentPostprocessing = 0;
		};
		9C18922124D07C0E004F4059 /* Sources */ = {
			isa = PBXSourcesBuildPhase;
			buildActionMask = 2147483647;
			files = (
				9C18922A24D07C0E004F4059 /* CameraTestingUITests.swift in Sources */,
			);
			runOnlyForDeploymentPostprocessing = 0;
		};
/* End PBXSourcesBuildPhase section */

/* Begin PBXTargetDependency section */
		9C18921C24D07C0E004F4059 /* PBXTargetDependency */ = {
			isa = PBXTargetDependency;
			target = 9C18920224D07C0C004F4059 /* CameraTesting */;
			targetProxy = 9C18921B24D07C0E004F4059 /* PBXContainerItemProxy */;
		};
		9C18922724D07C0E004F4059 /* PBXTargetDependency */ = {
			isa = PBXTargetDependency;
			target = 9C18920224D07C0C004F4059 /* CameraTesting */;
			targetProxy = 9C18922624D07C0E004F4059 /* PBXContainerItemProxy */;
		};
/* End PBXTargetDependency section */

/* Begin PBXVariantGroup section */
		9C18920A24D07C0C004F4059 /* Main.storyboard */ = {
			isa = PBXVariantGroup;
			children = (
				9C18920B24D07C0C004F4059 /* Base */,
			);
			name = Main.storyboard;
			sourceTree = "<group>";
		};
		9C18921224D07C0D004F4059 /* LaunchScreen.storyboard */ = {
			isa = PBXVariantGroup;
			children = (
				9C18921324D07C0D004F4059 /* Base */,
			);
			name = LaunchScreen.storyboard;
			sourceTree = "<group>";
		};
/* End PBXVariantGroup section */

/* Begin XCBuildConfiguration section */
		9C18922C24D07C0E004F4059 /* Debug */ = {
			isa = XCBuildConfiguration;
			buildSettings = {
				ALWAYS_SEARCH_USER_PATHS = NO;
				CLANG_ANALYZER_NONNULL = YES;
				CLANG_ANALYZER_NUMBER_OBJECT_CONVERSION = YES_AGGRESSIVE;
				CLANG_CXX_LANGUAGE_STANDARD = "gnu++14";
				CLANG_CXX_LIBRARY = "libc++";
				CLANG_ENABLE_MODULES = YES;
				CLANG_ENABLE_OBJC_ARC = YES;
				CLANG_ENABLE_OBJC_WEAK = YES;
				CLANG_WARN_BLOCK_CAPTURE_AUTORELEASING = YES;
				CLANG_WARN_BOOL_CONVERSION = YES;
				CLANG_WARN_COMMA = YES;
				CLANG_WARN_CONSTANT_CONVERSION = YES;
				CLANG_WARN_DEPRECATED_OBJC_IMPLEMENTATIONS = YES;
				CLANG_WARN_DIRECT_OBJC_ISA_USAGE = YES_ERROR;
				CLANG_WARN_DOCUMENTATION_COMMENTS = YES;
				CLANG_WARN_EMPTY_BODY = YES;
				CLANG_WARN_ENUM_CONVERSION = YES;
				CLANG_WARN_INFINITE_RECURSION = YES;
				CLANG_WARN_INT_CONVERSION = YES;
				CLANG_WARN_NON_LITERAL_NULL_CONVERSION = YES;
				CLANG_WARN_OBJC_IMPLICIT_RETAIN_SELF = YES;
				CLANG_WARN_OBJC_LITERAL_CONVERSION = YES;
				CLANG_WARN_OBJC_ROOT_CLASS = YES_ERROR;
				CLANG_WARN_RANGE_LOOP_ANALYSIS = YES;
				CLANG_WARN_STRICT_PROTOTYPES = YES;
				CLANG_WARN_SUSPICIOUS_MOVE = YES;
				CLANG_WARN_UNGUARDED_AVAILABILITY = YES_AGGRESSIVE;
				CLANG_WARN_UNREACHABLE_CODE = YES;
				CLANG_WARN__DUPLICATE_METHOD_MATCH = YES;
				CODE_SIGN_IDENTITY = "iPhone Developer";
				COPY_PHASE_STRIP = NO;
				DEBUG_INFORMATION_FORMAT = dwarf;
				ENABLE_STRICT_OBJC_MSGSEND = YES;
				ENABLE_TESTABILITY = YES;
				GCC_C_LANGUAGE_STANDARD = gnu11;
				GCC_DYNAMIC_NO_PIC = NO;
				GCC_NO_COMMON_BLOCKS = YES;
				GCC_OPTIMIZATION_LEVEL = 0;
				GCC_PREPROCESSOR_DEFINITIONS = (
					"DEBUG=1",
					"$(inherited)",
				);
				GCC_WARN_64_TO_32_BIT_CONVERSION = YES;
				GCC_WARN_ABOUT_RETURN_TYPE = YES_ERROR;
				GCC_WARN_UNDECLARED_SELECTOR = YES;
				GCC_WARN_UNINITIALIZED_AUTOS = YES_AGGRESSIVE;
				GCC_WARN_UNUSED_FUNCTION = YES;
				GCC_WARN_UNUSED_VARIABLE = YES;
				IPHONEOS_DEPLOYMENT_TARGET = 12.1;
				MTL_ENABLE_DEBUG_INFO = INCLUDE_SOURCE;
				MTL_FAST_MATH = YES;
				ONLY_ACTIVE_ARCH = YES;
				SDKROOT = iphoneos;
				SWIFT_ACTIVE_COMPILATION_CONDITIONS = DEBUG;
				SWIFT_OPTIMIZATION_LEVEL = "-Onone";
			};
			name = Debug;
		};
		9C18922D24D07C0E004F4059 /* Release */ = {
			isa = XCBuildConfiguration;
			buildSettings = {
				ALWAYS_SEARCH_USER_PATHS = NO;
				CLANG_ANALYZER_NONNULL = YES;
				CLANG_ANALYZER_NUMBER_OBJECT_CONVERSION = YES_AGGRESSIVE;
				CLANG_CXX_LANGUAGE_STANDARD = "gnu++14";
				CLANG_CXX_LIBRARY = "libc++";
				CLANG_ENABLE_MODULES = YES;
				CLANG_ENABLE_OBJC_ARC = YES;
				CLANG_ENABLE_OBJC_WEAK = YES;
				CLANG_WARN_BLOCK_CAPTURE_AUTORELEASING = YES;
				CLANG_WARN_BOOL_CONVERSION = YES;
				CLANG_WARN_COMMA = YES;
				CLANG_WARN_CONSTANT_CONVERSION = YES;
				CLANG_WARN_DEPRECATED_OBJC_IMPLEMENTATIONS = YES;
				CLANG_WARN_DIRECT_OBJC_ISA_USAGE = YES_ERROR;
				CLANG_WARN_DOCUMENTATION_COMMENTS = YES;
				CLANG_WARN_EMPTY_BODY = YES;
				CLANG_WARN_ENUM_CONVERSION = YES;
				CLANG_WARN_INFINITE_RECURSION = YES;
				CLANG_WARN_INT_CONVERSION = YES;
				CLANG_WARN_NON_LITERAL_NULL_CONVERSION = YES;
				CLANG_WARN_OBJC_IMPLICIT_RETAIN_SELF = YES;
				CLANG_WARN_OBJC_LITERAL_CONVERSION = YES;
				CLANG_WARN_OBJC_ROOT_CLASS = YES_ERROR;
				CLANG_WARN_RANGE_LOOP_ANALYSIS = YES;
				CLANG_WARN_STRICT_PROTOTYPES = YES;
				CLANG_WARN_SUSPICIOUS_MOVE = YES;
				CLANG_WARN_UNGUARDED_AVAILABILITY = YES_AGGRESSIVE;
				CLANG_WARN_UNREACHABLE_CODE = YES;
				CLANG_WARN__DUPLICATE_METHOD_MATCH = YES;
				CODE_SIGN_IDENTITY = "iPhone Developer";
				COPY_PHASE_STRIP = NO;
				DEBUG_INFORMATION_FORMAT = "dwarf-with-dsym";
				ENABLE_NS_ASSERTIONS = NO;
				ENABLE_STRICT_OBJC_MSGSEND = YES;
				GCC_C_LANGUAGE_STANDARD = gnu11;
				GCC_NO_COMMON_BLOCKS = YES;
				GCC_WARN_64_TO_32_BIT_CONVERSION = YES;
				GCC_WARN_ABOUT_RETURN_TYPE = YES_ERROR;
				GCC_WARN_UNDECLARED_SELECTOR = YES;
				GCC_WARN_UNINITIALIZED_AUTOS = YES_AGGRESSIVE;
				GCC_WARN_UNUSED_FUNCTION = YES;
				GCC_WARN_UNUSED_VARIABLE = YES;
				IPHONEOS_DEPLOYMENT_TARGET = 12.1;
				MTL_ENABLE_DEBUG_INFO = NO;
				MTL_FAST_MATH = YES;
				SDKROOT = iphoneos;
				SWIFT_COMPILATION_MODE = wholemodule;
				SWIFT_OPTIMIZATION_LEVEL = "-O";
				VALIDATE_PRODUCT = YES;
			};
			name = Release;
		};
		9C18922F24D07C0E004F4059 /* Debug */ = {
			isa = XCBuildConfiguration;
			buildSettings = {
				ASSETCATALOG_COMPILER_APPICON_NAME = AppIcon;
				CODE_SIGN_STYLE = Automatic;
				DEVELOPMENT_TEAM = HN7V7YW5AX;
				INFOPLIST_FILE = CameraTesting/Info.plist;
				LD_RUNPATH_SEARCH_PATHS = (
					"$(inherited)",
					"@executable_path/Frameworks",
				);
				PRODUCT_BUNDLE_IDENTIFIER = KWK.CameraTesting;
				PRODUCT_NAME = "$(TARGET_NAME)";
				SWIFT_VERSION = 4.2;
				TARGETED_DEVICE_FAMILY = "1,2";
			};
			name = Debug;
		};
		9C18923024D07C0E004F4059 /* Release */ = {
			isa = XCBuildConfiguration;
			buildSettings = {
				ASSETCATALOG_COMPILER_APPICON_NAME = AppIcon;
				CODE_SIGN_STYLE = Automatic;
				DEVELOPMENT_TEAM = HN7V7YW5AX;
				INFOPLIST_FILE = CameraTesting/Info.plist;
				LD_RUNPATH_SEARCH_PATHS = (
					"$(inherited)",
					"@executable_path/Frameworks",
				);
				PRODUCT_BUNDLE_IDENTIFIER = KWK.CameraTesting;
				PRODUCT_NAME = "$(TARGET_NAME)";
				SWIFT_VERSION = 4.2;
				TARGETED_DEVICE_FAMILY = "1,2";
			};
			name = Release;
		};
		9C18923224D07C0E004F4059 /* Debug */ = {
			isa = XCBuildConfiguration;
			buildSettings = {
				ALWAYS_EMBED_SWIFT_STANDARD_LIBRARIES = YES;
				BUNDLE_LOADER = "$(TEST_HOST)";
				CODE_SIGN_STYLE = Automatic;
				DEVELOPMENT_TEAM = HN7V7YW5AX;
				INFOPLIST_FILE = CameraTestingTests/Info.plist;
				LD_RUNPATH_SEARCH_PATHS = (
					"$(inherited)",
					"@executable_path/Frameworks",
					"@loader_path/Frameworks",
				);
				PRODUCT_BUNDLE_IDENTIFIER = KWK.CameraTestingTests;
				PRODUCT_NAME = "$(TARGET_NAME)";
				SWIFT_VERSION = 4.2;
				TARGETED_DEVICE_FAMILY = "1,2";
				TEST_HOST = "$(BUILT_PRODUCTS_DIR)/CameraTesting.app/CameraTesting";
			};
			name = Debug;
		};
		9C18923324D07C0E004F4059 /* Release */ = {
			isa = XCBuildConfiguration;
			buildSettings = {
				ALWAYS_EMBED_SWIFT_STANDARD_LIBRARIES = YES;
				BUNDLE_LOADER = "$(TEST_HOST)";
				CODE_SIGN_STYLE = Automatic;
				DEVELOPMENT_TEAM = HN7V7YW5AX;
				INFOPLIST_FILE = CameraTestingTests/Info.plist;
				LD_RUNPATH_SEARCH_PATHS = (
					"$(inherited)",
					"@executable_path/Frameworks",
					"@loader_path/Frameworks",
				);
				PRODUCT_BUNDLE_IDENTIFIER = KWK.CameraTestingTests;
				PRODUCT_NAME = "$(TARGET_NAME)";
				SWIFT_VERSION = 4.2;
				TARGETED_DEVICE_FAMILY = "1,2";
				TEST_HOST = "$(BUILT_PRODUCTS_DIR)/CameraTesting.app/CameraTesting";
			};
			name = Release;
		};
		9C18923524D07C0E004F4059 /* Debug */ = {
			isa = XCBuildConfiguration;
			buildSettings = {
				ALWAYS_EMBED_SWIFT_STANDARD_LIBRARIES = YES;
				CODE_SIGN_STYLE = Automatic;
				DEVELOPMENT_TEAM = HN7V7YW5AX;
				INFOPLIST_FILE = CameraTestingUITests/Info.plist;
				LD_RUNPATH_SEARCH_PATHS = (
					"$(inherited)",
					"@executable_path/Frameworks",
					"@loader_path/Frameworks",
				);
				PRODUCT_BUNDLE_IDENTIFIER = KWK.CameraTestingUITests;
				PRODUCT_NAME = "$(TARGET_NAME)";
				SWIFT_VERSION = 4.2;
				TARGETED_DEVICE_FAMILY = "1,2";
				TEST_TARGET_NAME = CameraTesting;
			};
			name = Debug;
		};
		9C18923624D07C0E004F4059 /* Release */ = {
			isa = XCBuildConfiguration;
			buildSettings = {
				ALWAYS_EMBED_SWIFT_STANDARD_LIBRARIES = YES;
				CODE_SIGN_STYLE = Automatic;
				DEVELOPMENT_TEAM = HN7V7YW5AX;
				INFOPLIST_FILE = CameraTestingUITests/Info.plist;
				LD_RUNPATH_SEARCH_PATHS = (
					"$(inherited)",
					"@executable_path/Frameworks",
					"@loader_path/Frameworks",
				);
				PRODUCT_BUNDLE_IDENTIFIER = KWK.CameraTestingUITests;
				PRODUCT_NAME = "$(TARGET_NAME)";
				SWIFT_VERSION = 4.2;
				TARGETED_DEVICE_FAMILY = "1,2";
				TEST_TARGET_NAME = CameraTesting;
			};
			name = Release;
		};
/* End XCBuildConfiguration section */

/* Begin XCConfigurationList section */
		9C1891FE24D07C0C004F4059 /* Build configuration list for PBXProject "CameraTesting" */ = {
			isa = XCConfigurationList;
			buildConfigurations = (
				9C18922C24D07C0E004F4059 /* Debug */,
				9C18922D24D07C0E004F4059 /* Release */,
			);
			defaultConfigurationIsVisible = 0;
			defaultConfigurationName = Release;
		};
		9C18922E24D07C0E004F4059 /* Build configuration list for PBXNativeTarget "CameraTesting" */ = {
			isa = XCConfigurationList;
			buildConfigurations = (
				9C18922F24D07C0E004F4059 /* Debug */,
				9C18923024D07C0E004F4059 /* Release */,
			);
			defaultConfigurationIsVisible = 0;
			defaultConfigurationName = Release;
		};
		9C18923124D07C0E004F4059 /* Build configuration list for PBXNativeTarget "CameraTestingTests" */ = {
			isa = XCConfigurationList;
			buildConfigurations = (
				9C18923224D07C0E004F4059 /* Debug */,
				9C18923324D07C0E004F4059 /* Release */,
			);
			defaultConfigurationIsVisible = 0;
			defaultConfigurationName = Release;
		};
		9C18923424D07C0E004F4059 /* Build configuration list for PBXNativeTarget "CameraTestingUITests" */ = {
			isa = XCConfigurationList;
			buildConfigurations = (
				9C18923524D07C0E004F4059 /* Debug */,
				9C18923624D07C0E004F4059 /* Release */,
			);
			defaultConfigurationIsVisible = 0;
			defaultConfigurationName = Release;
		};
/* End XCConfigurationList section */

/* Begin XCVersionGroup section */
		9C18920D24D07C0C004F4059 /* CameraTesting.xcdatamodeld */ = {
			isa = XCVersionGroup;
			children = (
				9C18920E24D07C0C004F4059 /* CameraTesting.xcdatamodel */,
			);
			currentVersion = 9C18920E24D07C0C004F4059 /* CameraTesting.xcdatamodel */;
			path = CameraTesting.xcdatamodeld;
			sourceTree = "<group>";
			versionGroupType = wrapper.xcdatamodel;
		};
/* End XCVersionGroup section */
	};
	rootObject = 9C1891FB24D07C0C004F4059 /* Project object */;
}
